
Microsoft Visual Studio Solution File, Format Version 12.00
# Visual Studio Version 16
VisualStudioVersion = 25.0.1704.5
MinimumVisualStudioVersion = 10.0.40219.1
Project("{2150E333-8FDC-42A3-9474-1A3956D46DE8}") = "src", "src", "{8D5813C5-9761-44D3-88FF-AF5F9C373FFE}"
EndProject
Project("{2150E333-8FDC-42A3-9474-1A3956D46DE8}") = "Solution Items", "Solution Items", "{B06BECE6-2544-42D8-85A2-D5F69925D82F}"
	ProjectSection(SolutionItems) = preProject
		ServiceUrls.txt = ServiceUrls.txt
	EndProjectSection
EndProject
Project("{2150E333-8FDC-42A3-9474-1A3956D46DE8}") = "ApiGateways", "ApiGateways", "{BE90963D-0A78-4D0E-AA21-7303B8F4BBD5}"
EndProject
Project("{2150E333-8FDC-42A3-9474-1A3956D46DE8}") = "BuildingBlocks", "BuildingBlocks", "{2C1BC9DC-B5BF-460B-BDBA-8EA6B5531BBD}"
EndProject
Project("{2150E333-8FDC-42A3-9474-1A3956D46DE8}") = "Services", "Services", "{5AEDB2C3-419A-4D0C-8A88-63286B114C49}"
EndProject
Project("{2150E333-8FDC-42A3-9474-1A3956D46DE8}") = "Clients", "Clients", "{A5B2141A-E6B3-4B8D-9C3E-2BF70977E267}"
EndProject
Project("{2150E333-8FDC-42A3-9474-1A3956D46DE8}") = "WebApiGateway", "WebApiGateway", "{C325F78F-55F1-47FC-BEAA-C4E1EB04112F}"
EndProject
Project("{FAE04EC0-301F-11D3-BF4B-00C04F79EFBC}") = "Web.ApiGateway", "src\ApiGateways\WebApiGateWay\Web.ApiGateway\Web.ApiGateway.csproj", "{777D9673-2F9D-417F-B9D0-9D2DE0469C2E}"
EndProject
Project("{2150E333-8FDC-42A3-9474-1A3956D46DE8}") = "EventBus", "EventBus", "{750FC0ED-74B0-4164-9E44-F168B3E374C0}"
EndProject
Project("{FAE04EC0-301F-11D3-BF4B-00C04F79EFBC}") = "EventBus.Base", "src\BuildingBlocks\EventBus \EventBus.Base\EventBus.Base.csproj", "{73CDF510-E4B4-40AB-9697-2A06F21BB342}"
EndProject
Project("{2150E333-8FDC-42A3-9474-1A3956D46DE8}") = "New Folder", "New Folder", "{E9CD51E3-A57D-45CB-9BEF-E1AF9BAD62CC}"
EndProject
Project("{FAE04EC0-301F-11D3-BF4B-00C04F79EFBC}") = "EventBus.Factory", "src\BuildingBlocks\EventBus \EventBus.Factory\EventBus.Factory.csproj", "{218E1CB6-2088-4A33-BD9A-74A6AC374095}"
EndProject
Project("{FAE04EC0-301F-11D3-BF4B-00C04F79EFBC}") = "EventBus.AzureServiceBus", "src\BuildingBlocks\EventBus \EventBus.AzureServiceBus\EventBus.AzureServiceBus.csproj", "{17E47B70-15D7-4FD4-94A7-2C83658B3CFA}"
EndProject
Project("{FAE04EC0-301F-11D3-BF4B-00C04F79EFBC}") = "EventBus.RabbitMQ", "src\BuildingBlocks\EventBus \EventBus.RabbitMQ\EventBus.RabbitMQ.csproj", "{D1437F32-3A81-4F3C-BE63-C53CC3A8B131}"
EndProject
Project("{2150E333-8FDC-42A3-9474-1A3956D46DE8}") = "BlazorWebApp", "BlazorWebApp", "{E9352E67-D6C3-4E4E-BCBD-2FB3F6CD83F0}"
EndProject
Project("{FAE04EC0-301F-11D3-BF4B-00C04F79EFBC}") = "WebApp", "src\Clients\BlazorWebApp\WebApp\WebApp.csproj", "{165E1A43-8E46-4CF4-BBD1-40B4D2FC5940}"
EndProject
Project("{2150E333-8FDC-42A3-9474-1A3956D46DE8}") = "BasketService", "BasketService", "{15991571-8D0E-48E2-A71A-FC1B7DA2117E}"
EndProject
Project("{FAE04EC0-301F-11D3-BF4B-00C04F79EFBC}") = "BasketService.Api", "src\Services\BasketService\BasketService.Api\BasketService.Api.csproj", "{EB39E8C3-0DA8-475B-AEE4-6CF90F0DE327}"
EndProject
Project("{FAE04EC0-301F-11D3-BF4B-00C04F79EFBC}") = "CatalogService.Api", "src\Services\CatalogService\CatalogService.Api\CatalogService.Api.csproj", "{1B283E60-9E2F-4372-8FF2-6CDC25466A33}"
EndProject
Project("{2150E333-8FDC-42A3-9474-1A3956D46DE8}") = "CatalogService", "CatalogService", "{A8234751-246D-4EF9-88BE-5695C502B1BC}"
EndProject
Project("{2150E333-8FDC-42A3-9474-1A3956D46DE8}") = "IdentityService", "IdentityService", "{F13A2835-0C1C-486C-83DD-480FB5AECC4A}"
EndProject
Project("{FAE04EC0-301F-11D3-BF4B-00C04F79EFBC}") = "IdentityService.Api", "src\Services\IdentityService\IdentityService.Api\IdentityService.Api.csproj", "{A67201F6-5286-4F62-876E-3BB86BA80EA9}"
EndProject
Project("{2150E333-8FDC-42A3-9474-1A3956D46DE8}") = "NotificationService", "NotificationService", "{D7E5922A-75A1-438A-8B53-B1DE64C57EB7}"
EndProject
Project("{FAE04EC0-301F-11D3-BF4B-00C04F79EFBC}") = "NotificationService", "src\Services\NotificationService\NotificationService\NotificationService.csproj", "{B2CFBF65-1801-4306-96F1-408CE68E05E4}"
EndProject
Project("{2150E333-8FDC-42A3-9474-1A3956D46DE8}") = "OrderService", "OrderService", "{2F7FE84F-C3D5-4E18-A940-25BC6A30680C}"
EndProject
Project("{2150E333-8FDC-42A3-9474-1A3956D46DE8}") = "New Folder", "New Folder", "{BEED9EE3-B6E4-489C-8AE3-69EA4AF497A7}"
EndProject
Project("{FAE04EC0-301F-11D3-BF4B-00C04F79EFBC}") = "OrderService.Domain", "src\Services\OrderService\OrderService.Domain\OrderService.Domain.csproj", "{6C623EAC-3C3A-4FD6-8883-D44F924C8E3B}"
EndProject
Project("{FAE04EC0-301F-11D3-BF4B-00C04F79EFBC}") = "OrderService.Application", "src\Services\OrderService\OrderService.Application\OrderService.Application.csproj", "{A3BC306F-5AF0-4969-93AC-FB275BCF5544}"
EndProject
Project("{FAE04EC0-301F-11D3-BF4B-00C04F79EFBC}") = "OrderService.Infrastructure", "src\Services\OrderService\OrderService.Infrastructure\OrderService.Infrastructure\OrderService.Infrastructure.csproj", "{54EA5E42-0868-4B99-B0C9-9639E15E39AB}"
EndProject
Project("{FAE04EC0-301F-11D3-BF4B-00C04F79EFBC}") = "OrderService.Api", "src\Services\OrderService\OrderService.Api\OrderService.Api.csproj", "{91CA8A4A-B459-4205-8BD9-A732A773340F}"
EndProject
Project("{2150E333-8FDC-42A3-9474-1A3956D46DE8}") = "PaymentService", "PaymentService", "{E3F6017D-27FF-4E22-9791-A923DEAE2ADB}"
EndProject
Project("{FAE04EC0-301F-11D3-BF4B-00C04F79EFBC}") = "PaymentService.Api", "src\Services\PaymentService\PaymentService.Api\PaymentService.Api.csproj", "{2F4E1504-6D8A-4E72-B5CA-168E489FCC02}"
EndProject
Global
	GlobalSection(SolutionConfigurationPlatforms) = preSolution
		Debug|Any CPU = Debug|Any CPU
		Release|Any CPU = Release|Any CPU
	EndGlobalSection
	GlobalSection(ProjectConfigurationPlatforms) = postSolution
		{777D9673-2F9D-417F-B9D0-9D2DE0469C2E}.Debug|Any CPU.ActiveCfg = Debug|Any CPU
		{777D9673-2F9D-417F-B9D0-9D2DE0469C2E}.Debug|Any CPU.Build.0 = Debug|Any CPU
		{777D9673-2F9D-417F-B9D0-9D2DE0469C2E}.Release|Any CPU.ActiveCfg = Release|Any CPU
		{777D9673-2F9D-417F-B9D0-9D2DE0469C2E}.Release|Any CPU.Build.0 = Release|Any CPU
		{73CDF510-E4B4-40AB-9697-2A06F21BB342}.Debug|Any CPU.ActiveCfg = Debug|Any CPU
		{73CDF510-E4B4-40AB-9697-2A06F21BB342}.Debug|Any CPU.Build.0 = Debug|Any CPU
		{73CDF510-E4B4-40AB-9697-2A06F21BB342}.Release|Any CPU.ActiveCfg = Release|Any CPU
		{73CDF510-E4B4-40AB-9697-2A06F21BB342}.Release|Any CPU.Build.0 = Release|Any CPU
		{218E1CB6-2088-4A33-BD9A-74A6AC374095}.Debug|Any CPU.ActiveCfg = Debug|Any CPU
		{218E1CB6-2088-4A33-BD9A-74A6AC374095}.Debug|Any CPU.Build.0 = Debug|Any CPU
		{218E1CB6-2088-4A33-BD9A-74A6AC374095}.Release|Any CPU.ActiveCfg = Release|Any CPU
		{218E1CB6-2088-4A33-BD9A-74A6AC374095}.Release|Any CPU.Build.0 = Release|Any CPU
		{17E47B70-15D7-4FD4-94A7-2C83658B3CFA}.Debug|Any CPU.ActiveCfg = Debug|Any CPU
		{17E47B70-15D7-4FD4-94A7-2C83658B3CFA}.Debug|Any CPU.Build.0 = Debug|Any CPU
		{17E47B70-15D7-4FD4-94A7-2C83658B3CFA}.Release|Any CPU.ActiveCfg = Release|Any CPU
		{17E47B70-15D7-4FD4-94A7-2C83658B3CFA}.Release|Any CPU.Build.0 = Release|Any CPU
		{D1437F32-3A81-4F3C-BE63-C53CC3A8B131}.Debug|Any CPU.ActiveCfg = Debug|Any CPU
		{D1437F32-3A81-4F3C-BE63-C53CC3A8B131}.Debug|Any CPU.Build.0 = Debug|Any CPU
		{D1437F32-3A81-4F3C-BE63-C53CC3A8B131}.Release|Any CPU.ActiveCfg = Release|Any CPU
		{D1437F32-3A81-4F3C-BE63-C53CC3A8B131}.Release|Any CPU.Build.0 = Release|Any CPU
		{165E1A43-8E46-4CF4-BBD1-40B4D2FC5940}.Debug|Any CPU.ActiveCfg = Debug|Any CPU
		{165E1A43-8E46-4CF4-BBD1-40B4D2FC5940}.Debug|Any CPU.Build.0 = Debug|Any CPU
		{165E1A43-8E46-4CF4-BBD1-40B4D2FC5940}.Release|Any CPU.ActiveCfg = Release|Any CPU
		{165E1A43-8E46-4CF4-BBD1-40B4D2FC5940}.Release|Any CPU.Build.0 = Release|Any CPU
		{EB39E8C3-0DA8-475B-AEE4-6CF90F0DE327}.Debug|Any CPU.ActiveCfg = Debug|Any CPU
		{EB39E8C3-0DA8-475B-AEE4-6CF90F0DE327}.Debug|Any CPU.Build.0 = Debug|Any CPU
		{EB39E8C3-0DA8-475B-AEE4-6CF90F0DE327}.Release|Any CPU.ActiveCfg = Release|Any CPU
		{EB39E8C3-0DA8-475B-AEE4-6CF90F0DE327}.Release|Any CPU.Build.0 = Release|Any CPU
		{1B283E60-9E2F-4372-8FF2-6CDC25466A33}.Debug|Any CPU.ActiveCfg = Debug|Any CPU
		{1B283E60-9E2F-4372-8FF2-6CDC25466A33}.Debug|Any CPU.Build.0 = Debug|Any CPU
		{1B283E60-9E2F-4372-8FF2-6CDC25466A33}.Release|Any CPU.ActiveCfg = Release|Any CPU
		{1B283E60-9E2F-4372-8FF2-6CDC25466A33}.Release|Any CPU.Build.0 = Release|Any CPU
		{A67201F6-5286-4F62-876E-3BB86BA80EA9}.Debug|Any CPU.ActiveCfg = Debug|Any CPU
		{A67201F6-5286-4F62-876E-3BB86BA80EA9}.Debug|Any CPU.Build.0 = Debug|Any CPU
		{A67201F6-5286-4F62-876E-3BB86BA80EA9}.Release|Any CPU.ActiveCfg = Release|Any CPU
		{A67201F6-5286-4F62-876E-3BB86BA80EA9}.Release|Any CPU.Build.0 = Release|Any CPU
		{B2CFBF65-1801-4306-96F1-408CE68E05E4}.Debug|Any CPU.ActiveCfg = Debug|Any CPU
		{B2CFBF65-1801-4306-96F1-408CE68E05E4}.Debug|Any CPU.Build.0 = Debug|Any CPU
		{B2CFBF65-1801-4306-96F1-408CE68E05E4}.Release|Any CPU.ActiveCfg = Release|Any CPU
		{B2CFBF65-1801-4306-96F1-408CE68E05E4}.Release|Any CPU.Build.0 = Release|Any CPU
		{6C623EAC-3C3A-4FD6-8883-D44F924C8E3B}.Debug|Any CPU.ActiveCfg = Debug|Any CPU
		{6C623EAC-3C3A-4FD6-8883-D44F924C8E3B}.Debug|Any CPU.Build.0 = Debug|Any CPU
		{6C623EAC-3C3A-4FD6-8883-D44F924C8E3B}.Release|Any CPU.ActiveCfg = Release|Any CPU
		{6C623EAC-3C3A-4FD6-8883-D44F924C8E3B}.Release|Any CPU.Build.0 = Release|Any CPU
		{A3BC306F-5AF0-4969-93AC-FB275BCF5544}.Debug|Any CPU.ActiveCfg = Debug|Any CPU
		{A3BC306F-5AF0-4969-93AC-FB275BCF5544}.Debug|Any CPU.Build.0 = Debug|Any CPU
		{A3BC306F-5AF0-4969-93AC-FB275BCF5544}.Release|Any CPU.ActiveCfg = Release|Any CPU
		{A3BC306F-5AF0-4969-93AC-FB275BCF5544}.Release|Any CPU.Build.0 = Release|Any CPU
		{54EA5E42-0868-4B99-B0C9-9639E15E39AB}.Debug|Any CPU.ActiveCfg = Debug|Any CPU
		{54EA5E42-0868-4B99-B0C9-9639E15E39AB}.Debug|Any CPU.Build.0 = Debug|Any CPU
		{54EA5E42-0868-4B99-B0C9-9639E15E39AB}.Release|Any CPU.ActiveCfg = Release|Any CPU
		{54EA5E42-0868-4B99-B0C9-9639E15E39AB}.Release|Any CPU.Build.0 = Release|Any CPU
		{91CA8A4A-B459-4205-8BD9-A732A773340F}.Debug|Any CPU.ActiveCfg = Debug|Any CPU
		{91CA8A4A-B459-4205-8BD9-A732A773340F}.Debug|Any CPU.Build.0 = Debug|Any CPU
		{91CA8A4A-B459-4205-8BD9-A732A773340F}.Release|Any CPU.ActiveCfg = Release|Any CPU
		{91CA8A4A-B459-4205-8BD9-A732A773340F}.Release|Any CPU.Build.0 = Release|Any CPU
		{2F4E1504-6D8A-4E72-B5CA-168E489FCC02}.Debug|Any CPU.ActiveCfg = Debug|Any CPU
		{2F4E1504-6D8A-4E72-B5CA-168E489FCC02}.Debug|Any CPU.Build.0 = Debug|Any CPU
		{2F4E1504-6D8A-4E72-B5CA-168E489FCC02}.Release|Any CPU.ActiveCfg = Release|Any CPU
		{2F4E1504-6D8A-4E72-B5CA-168E489FCC02}.Release|Any CPU.Build.0 = Release|Any CPU
	EndGlobalSection
	GlobalSection(SolutionProperties) = preSolution
		HideSolutionNode = FALSE
	EndGlobalSection
	GlobalSection(ExtensibilityGlobals) = postSolution
		SolutionGuid = {B3F79B93-CDB6-4483-9775-E731E408F48B}
	EndGlobalSection
	GlobalSection(NestedProjects) = preSolution
		{BE90963D-0A78-4D0E-AA21-7303B8F4BBD5} = {8D5813C5-9761-44D3-88FF-AF5F9C373FFE}
		{2C1BC9DC-B5BF-460B-BDBA-8EA6B5531BBD} = {8D5813C5-9761-44D3-88FF-AF5F9C373FFE}
		{5AEDB2C3-419A-4D0C-8A88-63286B114C49} = {8D5813C5-9761-44D3-88FF-AF5F9C373FFE}
		{A5B2141A-E6B3-4B8D-9C3E-2BF70977E267} = {8D5813C5-9761-44D3-88FF-AF5F9C373FFE}
		{C325F78F-55F1-47FC-BEAA-C4E1EB04112F} = {BE90963D-0A78-4D0E-AA21-7303B8F4BBD5}
		{777D9673-2F9D-417F-B9D0-9D2DE0469C2E} = {C325F78F-55F1-47FC-BEAA-C4E1EB04112F}
		{750FC0ED-74B0-4164-9E44-F168B3E374C0} = {2C1BC9DC-B5BF-460B-BDBA-8EA6B5531BBD}
		{73CDF510-E4B4-40AB-9697-2A06F21BB342} = {750FC0ED-74B0-4164-9E44-F168B3E374C0}
		{E9CD51E3-A57D-45CB-9BEF-E1AF9BAD62CC} = {750FC0ED-74B0-4164-9E44-F168B3E374C0}
		{218E1CB6-2088-4A33-BD9A-74A6AC374095} = {750FC0ED-74B0-4164-9E44-F168B3E374C0}
		{17E47B70-15D7-4FD4-94A7-2C83658B3CFA} = {750FC0ED-74B0-4164-9E44-F168B3E374C0}
		{D1437F32-3A81-4F3C-BE63-C53CC3A8B131} = {750FC0ED-74B0-4164-9E44-F168B3E374C0}
		{E9352E67-D6C3-4E4E-BCBD-2FB3F6CD83F0} = {A5B2141A-E6B3-4B8D-9C3E-2BF70977E267}
		{165E1A43-8E46-4CF4-BBD1-40B4D2FC5940} = {E9352E67-D6C3-4E4E-BCBD-2FB3F6CD83F0}
		{15991571-8D0E-48E2-A71A-FC1B7DA2117E} = {5AEDB2C3-419A-4D0C-8A88-63286B114C49}
		{EB39E8C3-0DA8-475B-AEE4-6CF90F0DE327} = {15991571-8D0E-48E2-A71A-FC1B7DA2117E}
		{1B283E60-9E2F-4372-8FF2-6CDC25466A33} = {A8234751-246D-4EF9-88BE-5695C502B1BC}
		{A8234751-246D-4EF9-88BE-5695C502B1BC} = {5AEDB2C3-419A-4D0C-8A88-63286B114C49}
		{F13A2835-0C1C-486C-83DD-480FB5AECC4A} = {5AEDB2C3-419A-4D0C-8A88-63286B114C49}
		{A67201F6-5286-4F62-876E-3BB86BA80EA9} = {F13A2835-0C1C-486C-83DD-480FB5AECC4A}
		{D7E5922A-75A1-438A-8B53-B1DE64C57EB7} = {5AEDB2C3-419A-4D0C-8A88-63286B114C49}
		{B2CFBF65-1801-4306-96F1-408CE68E05E4} = {D7E5922A-75A1-438A-8B53-B1DE64C57EB7}
		{2F7FE84F-C3D5-4E18-A940-25BC6A30680C} = {5AEDB2C3-419A-4D0C-8A88-63286B114C49}
		{BEED9EE3-B6E4-489C-8AE3-69EA4AF497A7} = {5AEDB2C3-419A-4D0C-8A88-63286B114C49}
		{6C623EAC-3C3A-4FD6-8883-D44F924C8E3B} = {2F7FE84F-C3D5-4E18-A940-25BC6A30680C}
		{A3BC306F-5AF0-4969-93AC-FB275BCF5544} = {2F7FE84F-C3D5-4E18-A940-25BC6A30680C}
		{54EA5E42-0868-4B99-B0C9-9639E15E39AB} = {2F7FE84F-C3D5-4E18-A940-25BC6A30680C}
		{91CA8A4A-B459-4205-8BD9-A732A773340F} = {2F7FE84F-C3D5-4E18-A940-25BC6A30680C}
		{E3F6017D-27FF-4E22-9791-A923DEAE2ADB} = {5AEDB2C3-419A-4D0C-8A88-63286B114C49}
		{2F4E1504-6D8A-4E72-B5CA-168E489FCC02} = {E3F6017D-27FF-4E22-9791-A923DEAE2ADB}
	EndGlobalSection
EndGlobal
